Microsoft Visual Studio Solution File, Format Version 12.00
# Visual Studio Version 17
VisualStudioVersion = 17.5.2.0
MinimumVisualStudioVersion = 10.0.40219.1
Project("{FAE04EC0-301F-11D3-BF4B-00C04F79EFBC}") = "BlazorHelloWorld", "BlazorHelloWorld.csproj", "{C0254A2F-3352-D10C-4465-C2DD09FE45D6}"
EndProject
Global
	GlobalSection(SolutionConfigurationPlatforms) = preSolution
		Debug|Any CPU = Debug|Any CPU
		Release|Any CPU = Release|Any CPU
	EndGlobalSection
	GlobalSection(ProjectConfigurationPlatforms) = postSolution
		{C0254A2F-3352-D10C-4465-C2DD09FE45D6}.Debug|Any CPU.ActiveCfg = Debug|Any CPU
		{C0254A2F-3352-D10C-4465-C2DD09FE45D6}.Debug|Any CPU.Build.0 = Debug|Any CPU
		{C0254A2F-3352-D10C-4465-C2DD09FE45D6}.Release|Any CPU.ActiveCfg = Release|Any CPU
		{C0254A2F-3352-D10C-4465-C2DD09FE45D6}.Release|Any CPU.Build.0 = Release|Any CPU
	EndGlobalSection
	GlobalSection(SolutionProperties) = preSolution
		HideSolutionNode = FALSE
	EndGlobalSection
	GlobalSection(ExtensibilityGlobals) = postSolution
		SolutionGuid = {89172A3F-5B11-418B-B041-B2B479DB74F9}
	EndGlobalSection
EndGlobal
